
Microsoft Visual Studio Solution File, Format Version 12.00
# Visual Studio Version 17
VisualStudioVersion = 17.9.34518.117
MinimumVisualStudioVersion = 10.0.40219.1
Project("{9A19103F-16F7-4668-BE54-9A1E7A4F7556}") = "EmailLauncher", "EmailLauncher\EmailLauncher.csproj", "{9A675CBE-4338-418F-9AD4-3FABA591EE38}"
EndProject
Project("{9A19103F-16F7-4668-BE54-9A1E7A4F7556}") = "SMTPClient", "SMTPClient\SMTPClient.csproj", "{615195FD-56DE-4F7E-A4BA-B60C1CEA711F}"
EndProject
Project("{9A19103F-16F7-4668-BE54-9A1E7A4F7556}") = "Email.BL", "Email.BL\Email.BL.csproj", "{91511936-99B5-4D1D-9C7A-9BC3F187E029}"
EndProject
Project("{FAE04EC0-301F-11D3-BF4B-00C04F79EFBC}") = "IMAPClient", "IMAPClient\IMAPClient.csproj", "{B11F9553-4CA5-4699-AE62-AECF259928DC}"
EndProject
Project("{FAE04EC0-301F-11D3-BF4B-00C04F79EFBC}") = "POP3Client", "POP3Client\POP3Client.csproj", "{BCE3BE5D-874E-4286-AFAB-BFBEA428AAD7}"
EndProject
Global
	GlobalSection(SolutionConfigurationPlatforms) = preSolution
		Debug|Any CPU = Debug|Any CPU
		Release|Any CPU = Release|Any CPU
	EndGlobalSection
	GlobalSection(ProjectConfigurationPlatforms) = postSolution
		{9A675CBE-4338-418F-9AD4-3FABA591EE38}.Debug|Any CPU.ActiveCfg = Debug|Any CPU
		{9A675CBE-4338-418F-9AD4-3FABA591EE38}.Debug|Any CPU.Build.0 = Debug|Any CPU
		{9A675CBE-4338-418F-9AD4-3FABA591EE38}.Release|Any CPU.ActiveCfg = Release|Any CPU
		{9A675CBE-4338-418F-9AD4-3FABA591EE38}.Release|Any CPU.Build.0 = Release|Any CPU
		{615195FD-56DE-4F7E-A4BA-B60C1CEA711F}.Debug|Any CPU.ActiveCfg = Debug|Any CPU
		{615195FD-56DE-4F7E-A4BA-B60C1CEA711F}.Debug|Any CPU.Build.0 = Debug|Any CPU
		{615195FD-56DE-4F7E-A4BA-B60C1CEA711F}.Release|Any CPU.ActiveCfg = Release|Any CPU
		{615195FD-56DE-4F7E-A4BA-B60C1CEA711F}.Release|Any CPU.Build.0 = Release|Any CPU
		{91511936-99B5-4D1D-9C7A-9BC3F187E029}.Debug|Any CPU.ActiveCfg = Debug|Any CPU
		{91511936-99B5-4D1D-9C7A-9BC3F187E029}.Debug|Any CPU.Build.0 = Debug|Any CPU
		{91511936-99B5-4D1D-9C7A-9BC3F187E029}.Release|Any CPU.ActiveCfg = Release|Any CPU
		{91511936-99B5-4D1D-9C7A-9BC3F187E029}.Release|Any CPU.Build.0 = Release|Any CPU
		{B11F9553-4CA5-4699-AE62-AECF259928DC}.Debug|Any CPU.ActiveCfg = Debug|Any CPU
		{B11F9553-4CA5-4699-AE62-AECF259928DC}.Debug|Any CPU.Build.0 = Debug|Any CPU
		{B11F9553-4CA5-4699-AE62-AECF259928DC}.Release|Any CPU.ActiveCfg = Release|Any CPU
		{B11F9553-4CA5-4699-AE62-AECF259928DC}.Release|Any CPU.Build.0 = Release|Any CPU
		{BCE3BE5D-874E-4286-AFAB-BFBEA428AAD7}.Debug|Any CPU.ActiveCfg = Debug|Any CPU
		{BCE3BE5D-874E-4286-AFAB-BFBEA428AAD7}.Debug|Any CPU.Build.0 = Debug|Any CPU
		{BCE3BE5D-874E-4286-AFAB-BFBEA428AAD7}.Release|Any CPU.ActiveCfg = Release|Any CPU
		{BCE3BE5D-874E-4286-AFAB-BFBEA428AAD7}.Release|Any CPU.Build.0 = Release|Any CPU
	EndGlobalSection
	GlobalSection(SolutionProperties) = preSolution
		HideSolutionNode = FALSE
	EndGlobalSection
	GlobalSection(ExtensibilityGlobals) = postSolution
		SolutionGuid = {FBC8BA05-4E94-4815-A283-ACF91EABBF09}
	EndGlobalSection
EndGlobal
